// !$*UTF8*$!
{
	archiveVersion = 1;
	classes = {
	};
	objectVersion = 46;
	objects = {

/* Begin PBXBuildFile section */
		A79DE8531DF5D82D0069E747 /* AppDelegate.swift in Sources */ = {isa = PBXBuildFile; fileRef = A79DE8521DF5D82D0069E747 /* AppDelegate.swift */; };
		A79DE8581DF5D82D0069E747 /* Main.storyboard in Resources */ = {isa = PBXBuildFile; fileRef = A79DE8561DF5D82D0069E747 /* Main.storyboard */; };
		A79DE85A1DF5D82D0069E747 /* Assets.xcassets in Resources */ = {isa = PBXBuildFile; fileRef = A79DE8591DF5D82D0069E747 /* Assets.xcassets */; };
		A79DE85D1DF5D82D0069E747 /* LaunchScreen.storyboard in Resources */ = {isa = PBXBuildFile; fileRef = A79DE85B1DF5D82D0069E747 /* LaunchScreen.storyboard */; };
		A79DE8651DF5D8A40069E747 /* Book.swift in Sources */ = {isa = PBXBuildFile; fileRef = A79DE8641DF5D8A40069E747 /* Book.swift */; };
		A79DE8671DF5D8BC0069E747 /* Character.swift in Sources */ = {isa = PBXBuildFile; fileRef = A79DE8661DF5D8BC0069E747 /* Character.swift */; };
		A79DE8691DF5D9BA0069E747 /* House.swift in Sources */ = {isa = PBXBuildFile; fileRef = A79DE8681DF5D9BA0069E747 /* House.swift */; };
		A79DE86B1DF5E0500069E747 /* GameOfThronesTableViewController.swift in Sources */ = {isa = PBXBuildFile; fileRef = A79DE86A1DF5E0500069E747 /* GameOfThronesTableViewController.swift */; };
		A79DE86D1DF5E0F70069E747 /* APIRequestManager.swift in Sources */ = {isa = PBXBuildFile; fileRef = A79DE86C1DF5E0F70069E747 /* APIRequestManager.swift */; };
		A79DE8711DF604B10069E747 /* DetailViewController.swift in Sources */ = {isa = PBXBuildFile; fileRef = A79DE8701DF604B10069E747 /* DetailViewController.swift */; };
/* End PBXBuildFile section */

/* Begin PBXFileReference section */
		A79DE84F1DF5D82D0069E747 /* GameOfThrones2.app */ = {isa = PBXFileReference; explicitFileType = wrapper.application; includeInIndex = 0; path = GameOfThrones2.app; sourceTree = BUILT_PRODUCTS_DIR; };
		A79DE8521DF5D82D0069E747 /* AppDelegate.swift */ = {isa = PBXFileReference; lastKnownFileType = sourcecode.swift; path = AppDelegate.swift; sourceTree = "<group>"; };
		A79DE8571DF5D82D0069E747 /* Base */ = {isa = PBXFileReference; lastKnownFileType = file.storyboard; name = Base; path = Base.lproj/Main.storyboard; sourceTree = "<group>"; };
		A79DE8591DF5D82D0069E747 /* Assets.xcassets */ = {isa = PBXFileReference; lastKnownFileType = folder.assetcatalog; path = Assets.xcassets; sourceTree = "<group>"; };
		A79DE85C1DF5D82D0069E747 /* Base */ = {isa = PBXFileReference; lastKnownFileType = file.storyboard; name = Base; path = Base.lproj/LaunchScreen.storyboard; sourceTree = "<group>"; };
		A79DE85E1DF5D82D0069E747 /* Info.plist */ = {isa = PBXFileReference; lastKnownFileType = text.plist.xml; path = Info.plist; sourceTree = "<group>"; };
		A79DE8641DF5D8A40069E747 /* Book.swift */ = {isa = PBXFileReference; fileEncoding = 4; lastKnownFileType = sourcecode.swift; path = Book.swift; sourceTree = "<group>"; };
		A79DE8661DF5D8BC0069E747 /* Character.swift */ = {isa = PBXFileReference; fileEncoding = 4; lastKnownFileType = sourcecode.swift; path = Character.swift; sourceTree = "<group>"; };
		A79DE8681DF5D9BA0069E747 /* House.swift */ = {isa = PBXFileReference; fileEncoding = 4; lastKnownFileType = sourcecode.swift; path = House.swift; sourceTree = "<group>"; };
		A79DE86A1DF5E0500069E747 /* GameOfThronesTableViewController.swift */ = {isa = PBXFileReference; fileEncoding = 4; lastKnownFileType = sourcecode.swift; path = GameOfThronesTableViewController.swift; sourceTree = "<group>"; };
		A79DE86C1DF5E0F70069E747 /* APIRequestManager.swift */ = {isa = PBXFileReference; fileEncoding = 4; lastKnownFileType = sourcecode.swift; path = APIRequestManager.swift; sourceTree = "<group>"; };
		A79DE8701DF604B10069E747 /* DetailViewController.swift */ = {isa = PBXFileReference; fileEncoding = 4; lastKnownFileType = sourcecode.swift; path = DetailViewController.swift; sourceTree = "<group>"; };
/* End PBXFileReference section */

/* Begin PBXFrameworksBuildPhase section */
		A79DE84C1DF5D82C0069E747 /* Frameworks */ = {
			isa = PBXFrameworksBuildPhase;
			buildActionMask = 2147483647;
			files = (
			);
			runOnlyForDeploymentPostprocessing = 0;
		};
/* End PBXFrameworksBuildPhase section */

/* Begin PBXGroup section */
		A79DE8461DF5D82C0069E747 = {
			isa = PBXGroup;
			children = (
				A79DE8511DF5D82D0069E747 /* GameOfThrones2 */,
				A79DE8501DF5D82D0069E747 /* Products */,
			);
			sourceTree = "<group>";
		};
		A79DE8501DF5D82D0069E747 /* Products */ = {
			isa = PBXGroup;
			children = (
				A79DE84F1DF5D82D0069E747 /* GameOfThrones2.app */,
			);
			name = Products;
			sourceTree = "<group>";
		};
		A79DE8511DF5D82D0069E747 /* GameOfThrones2 */ = {
			isa = PBXGroup;
			children = (
				A79DE8521DF5D82D0069E747 /* AppDelegate.swift */,
				A79DE86A1DF5E0500069E747 /* GameOfThronesTableViewController.swift */,
				A79DE8701DF604B10069E747 /* DetailViewController.swift */,
				A79DE8561DF5D82D0069E747 /* Main.storyboard */,
				A79DE8641DF5D8A40069E747 /* Book.swift */,
				A79DE86C1DF5E0F70069E747 /* APIRequestManager.swift */,
				A79DE8661DF5D8BC0069E747 /* Character.swift */,
				A79DE8681DF5D9BA0069E747 /* House.swift */,
				A79DE8591DF5D82D0069E747 /* Assets.xcassets */,
				A79DE85B1DF5D82D0069E747 /* LaunchScreen.storyboard */,
				A79DE85E1DF5D82D0069E747 /* Info.plist */,
			);
			path = GameOfThrones2;
			sourceTree = "<group>";
		};
/* End PBXGroup section */

/* Begin PBXNativeTarget section */
		A79DE84E1DF5D82C0069E747 /* GameOfThrones2 */ = {
			isa = PBXNativeTarget;
			buildConfigurationList = A79DE8611DF5D82D0069E747 /* Build configuration list for PBXNativeTarget "GameOfThrones2" */;
			buildPhases = (
				A79DE84B1DF5D82C0069E747 /* Sources */,
				A79DE84C1DF5D82C0069E747 /* Frameworks */,
				A79DE84D1DF5D82C0069E747 /* Resources */,
			);
			buildRules = (
			);
			dependencies = (
			);
			name = GameOfThrones2;
			productName = GameOfThrones2;
			productReference = A79DE84F1DF5D82D0069E747 /* GameOfThrones2.app */;
			productType = "com.apple.product-type.application";
		};
/* End PBXNativeTarget section */

/* Begin PBXProject section */
		A79DE8471DF5D82C0069E747 /* Project object */ = {
			isa = PBXProject;
			attributes = {
				LastSwiftUpdateCheck = 0800;
				LastUpgradeCheck = 0800;
				ORGANIZATIONNAME = C4Q;
				TargetAttributes = {
					A79DE84E1DF5D82C0069E747 = {
						CreatedOnToolsVersion = 8.0;
						DevelopmentTeam = P29FUG645U;
						ProvisioningStyle = Automatic;
					};
				};
			};
			buildConfigurationList = A79DE84A1DF5D82C0069E747 /* Build configuration list for PBXProject "GameOfThrones2" */;
			compatibilityVersion = "Xcode 3.2";
			developmentRegion = English;
			hasScannedForEncodings = 0;
			knownRegions = (
				en,
				Base,
			);
			mainGroup = A79DE8461DF5D82C0069E747;
			productRefGroup = A79DE8501DF5D82D0069E747 /* Products */;
			projectDirPath = "";
			projectRoot = "";
			targets = (
				A79DE84E1DF5D82C0069E747 /* GameOfThrones2 */,
			);
		};
/* End PBXProject section */

/* Begin PBXResourcesBuildPhase section */
		A79DE84D1DF5D82C0069E747 /* Resources */ = {
			isa = PBXResourcesBuildPhase;
			buildActionMask = 2147483647;
			files = (
				A79DE85D1DF5D82D0069E747 /* LaunchScreen.storyboard in Resources */,
				A79DE85A1DF5D82D0069E747 /* Assets.xcassets in Resources */,
				A79DE8581DF5D82D0069E747 /* Main.storyboard in Resources */,
			);
			runOnlyForDeploymentPostprocessing = 0;
		};
/* End PBXResourcesBuildPhase section */

/* Begin PBXSourcesBuildPhase section */
		A79DE84B1DF5D82C0069E747 /* Sources */ = {
			isa = PBXSourcesBuildPhase;
			buildActionMask = 2147483647;
			files = (
				A79DE86B1DF5E0500069E747 /* GameOfThronesTableViewController.swift in Sources */,
				A79DE8531DF5D82D0069E747 /* AppDelegate.swift in Sources */,
				A79DE86D1DF5E0F70069E747 /* APIRequestManager.swift in Sources */,
				A79DE8651DF5D8A40069E747 /* Book.swift in Sources */,
				A79DE8691DF5D9BA0069E747 /* House.swift in Sources */,
				A79DE8671DF5D8BC0069E747 /* Character.swift in Sources */,
				A79DE8711DF604B10069E747 /* DetailViewController.swift in Sources */,
			);
			runOnlyForDeploymentPostprocessing = 0;
		};
/* End PBXSourcesBuildPhase section */

/* Begin PBXVariantGroup section */
		A79DE8561DF5D82D0069E747 /* Main.storyboard */ = {
			isa = PBXVariantGroup;
			children = (
				A79DE8571DF5D82D0069E747 /* Base */,
			);
			name = Main.storyboard;
			sourceTree = "<group>";
		};
		A79DE85B1DF5D82D0069E747 /* LaunchScreen.storyboard */ = {
			isa = PBXVariantGroup;
			children = (
				A79DE85C1DF5D82D0069E747 /* Base */,
			);
			name = LaunchScreen.storyboard;
			sourceTree = "<group>";
		};
/* End PBXVariantGroup section */

/* Begin XCBuildConfiguration section */
		A79DE85F1DF5D82D0069E747 /* Debug */ = {
			isa = XCBuildConfiguration;
			buildSettings = {
				ALWAYS_SEARCH_USER_PATHS = NO;
				CLANG_ANALYZER_NONNULL = YES;
				CLANG_CXX_LANGUAGE_STANDARD = "gnu++0x";
				CLANG_CXX_LIBRARY = "libc++";
				CLANG_ENABLE_MODULES = YES;
				CLANG_ENABLE_OBJC_ARC = YES;
				CLANG_WARN_BOOL_CONVERSION = YES;
				CLANG_WARN_CONSTANT_CONVERSION = YES;
				CLANG_WARN_DIRECT_OBJC_ISA_USAGE = YES_ERROR;
				CLANG_WARN_DOCUMENTATION_COMMENTS = YES;
				CLANG_WARN_EMPTY_BODY = YES;
				CLANG_WARN_ENUM_CONVERSION = YES;
				CLANG_WARN_INFINITE_RECURSION = YES;
				CLANG_WARN_INT_CONVERSION = YES;
				CLANG_WARN_OBJC_ROOT_CLASS = YES_ERROR;
				CLANG_WARN_SUSPICIOUS_MOVES = YES;
				CLANG_WARN_UNREACHABLE_CODE = YES;
				CLANG_WARN__DUPLICATE_METHOD_MATCH = YES;
				"CODE_SIGN_IDENTITY[sdk=iphoneos*]" = "iPhone Developer";
				COPY_PHASE_STRIP = NO;
				DEBUG_INFORMATION_FORMAT = dwarf;
				ENABLE_STRICT_OBJC_MSGSEND = YES;
				ENABLE_TESTABILITY = YES;
				GCC_C_LANGUAGE_STANDARD = gnu99;
				GCC_DYNAMIC_NO_PIC = NO;
				GCC_NO_COMMON_BLOCKS = YES;
				GCC_OPTIMIZATION_LEVEL = 0;
				GCC_PREPROCESSOR_DEFINITIONS = (
					"DEBUG=1",
					"$(inherited)",
				);
				GCC_WARN_64_TO_32_BIT_CONVERSION = YES;
				GCC_WARN_ABOUT_RETURN_TYPE = YES_ERROR;
				GCC_WARN_UNDECLARED_SELECTOR = YES;
				GCC_WARN_UNINITIALIZED_AUTOS = YES_AGGRESSIVE;
				GCC_WARN_UNUSED_FUNCTION = YES;
				GCC_WARN_UNUSED_VARIABLE = YES;
				IPHONEOS_DEPLOYMENT_TARGET = 10.0;
				MTL_ENABLE_DEBUG_INFO = YES;
				ONLY_ACTIVE_ARCH = YES;
				SDKROOT = iphoneos;
				SWIFT_ACTIVE_COMPILATION_CONDITIONS = DEBUG;
				SWIFT_OPTIMIZATION_LEVEL = "-Onone";
				TARGETED_DEVICE_FAMILY = "1,2";
			};
			name = Debug;
		};
		A79DE8601DF5D82D0069E747 /* Release */ = {
			isa = XCBuildConfiguration;
			buildSettings = {
				ALWAYS_SEARCH_USER_PATHS = NO;
				CLANG_ANALYZER_NONNULL = YES;
				CLANG_CXX_LANGUAGE_STANDARD = "gnu++0x";
				CLANG_CXX_LIBRARY = "libc++";
				CLANG_ENABLE_MODULES = YES;
				CLANG_ENABLE_OBJC_ARC = YES;
				CLANG_WARN_BOOL_CONVERSION = YES;
				CLANG_WARN_CONSTANT_CONVERSION = YES;
				CLANG_WARN_DIRECT_OBJC_ISA_USAGE = YES_ERROR;
				CLANG_WARN_DOCUMENTATION_COMMENTS = YES;
				CLANG_WARN_EMPTY_BODY = YES;
				CLANG_WARN_ENUM_CONVERSION = YES;
				CLANG_WARN_INFINITE_RECURSION = YES;
				CLANG_WARN_INT_CONVERSION = YES;
				CLANG_WARN_OBJC_ROOT_CLASS = YES_ERROR;
				CLANG_WARN_SUSPICIOUS_MOVES = YES;
				CLANG_WARN_UNREACHABLE_CODE = YES;
				CLANG_WARN__DUPLICATE_METHOD_MATCH = YES;
				"CODE_SIGN_IDENTITY[sdk=iphoneos*]" = "iPhone Developer";
				COPY_PHASE_STRIP = NO;
				DEBUG_INFORMATION_FORMAT = "dwarf-with-dsym";
				ENABLE_NS_ASSERTIONS = NO;
				ENABLE_STRICT_OBJC_MSGSEND = YES;
				GCC_C_LANGUAGE_STANDARD = gnu99;
				GCC_NO_COMMON_BLOCKS = YES;
				GCC_WARN_64_TO_32_BIT_CONVERSION = YES;
				GCC_WARN_ABOUT_RETURN_TYPE = YES_ERROR;
				GCC_WARN_UNDECLARED_SELECTOR = YES;
				GCC_WARN_UNINITIALIZED_AUTOS = YES_AGGRESSIVE;
				GCC_WARN_UNUSED_FUNCTION = YES;
				GCC_WARN_UNUSED_VARIABLE = YES;
				IPHONEOS_DEPLOYMENT_TARGET = 10.0;
				MTL_ENABLE_DEBUG_INFO = NO;
				SDKROOT = iphoneos;
				SWIFT_OPTIMIZATION_LEVEL = "-Owholemodule";
				TARGETED_DEVICE_FAMILY = "1,2";
				VALIDATE_PRODUCT = YES;
			};
			name = Release;
		};
		A79DE8621DF5D82D0069E747 /* Debug */ = {
			isa = XCBuildConfiguration;
			buildSettings = {
				ASSETCATALOG_COMPILER_APPICON_NAME = AppIcon;
				DEVELOPMENT_TEAM = P29FUG645U;
				INFOPLIST_FILE = GameOfThrones2/Info.plist;
				LD_RUNPATH_SEARCH_PATHS = "$(inherited) @executable_path/Frameworks";
				PRODUCT_BUNDLE_IDENTIFIER = nyc.c4q.anama.GameOfThrones2;
				PRODUCT_NAME = "$(TARGET_NAME)";
				SWIFT_VERSION = 3.0;
			};
			name = Debug;
		};
		A79DE8631DF5D82D0069E747 /* Release */ = {
			isa = XCBuildConfiguration;
			buildSettings = {
				ASSETCATALOG_COMPILER_APPICON_NAME = AppIcon;
				DEVELOPMENT_TEAM = P29FUG645U;
				INFOPLIST_FILE = GameOfThrones2/Info.plist;
				LD_RUNPATH_SEARCH_PATHS = "$(inherited) @executable_path/Frameworks";
				PRODUCT_BUNDLE_IDENTIFIER = nyc.c4q.anama.GameOfThrones2;
				PRODUCT_NAME = "$(TARGET_NAME)";
				SWIFT_VERSION = 3.0;
			};
			name = Release;
		};
/* End XCBuildConfiguration section */

/* Begin XCConfigurationList section */
		A79DE84A1DF5D82C0069E747 /* Build configuration list for PBXProject "GameOfThrones2" */ = {
			isa = XCConfigurationList;
			buildConfigurations = (
				A79DE85F1DF5D82D0069E747 /* Debug */,
				A79DE8601DF5D82D0069E747 /* Release */,
			);
			defaultConfigurationIsVisible = 0;
			defaultConfigurationName = Release;
		};
		A79DE8611DF5D82D0069E747 /* Build configuration list for PBXNativeTarget "GameOfThrones2" */ = {
			isa = XCConfigurationList;
			buildConfigurations = (
				A79DE8621DF5D82D0069E747 /* Debug */,
				A79DE8631DF5D82D0069E747 /* Release */,
			);
			defaultConfigurationIsVisible = 0;
		};
/* End XCConfigurationList section */
	};
	rootObject = A79DE8471DF5D82C0069E747 /* Project object */;
}
